Microsoft Visual Studio Solution File, Format Version 12.00
# Visual Studio Version 17
VisualStudioVersion = 17.5.2.0
MinimumVisualStudioVersion = 10.0.40219.1
Project("{FAE04EC0-301F-11D3-BF4B-00C04F79EFBC}") = "SolidWorks.ParametricAddin", "SolidWorks.ParametricAddin\SolidWorks.ParametricAddin.csproj", "{87B7DFD3-9313-4F8F-8DC1-6ED2ECFF9A39}"
EndProject
Global
	GlobalSection(SolutionConfigurationPlatforms) = preSolution
		Debug|Any CPU = Debug|Any CPU
		Release|Any CPU = Release|Any CPU
	EndGlobalSection
	GlobalSection(ProjectConfigurationPlatforms) = postSolution
		{87B7DFD3-9313-4F8F-8DC1-6ED2ECFF9A39}.Debug|Any CPU.ActiveCfg = Debug|Any CPU
		{87B7DFD3-9313-4F8F-8DC1-6ED2ECFF9A39}.Debug|Any CPU.Build.0 = Debug|Any CPU
		{87B7DFD3-9313-4F8F-8DC1-6ED2ECFF9A39}.Release|Any CPU.ActiveCfg = Release|Any CPU
		{87B7DFD3-9313-4F8F-8DC1-6ED2ECFF9A39}.Release|Any CPU.Build.0 = Release|Any CPU
	EndGlobalSection
	GlobalSection(SolutionProperties) = preSolution
		HideSolutionNode = FALSE
	EndGlobalSection
	GlobalSection(ExtensibilityGlobals) = postSolution
		SolutionGuid = {6699BD60-51EC-4EEB-B24D-CC2CB500BEC8}
	EndGlobalSection
EndGlobal
